
Microsoft Visual Studio Solution File, Format Version 12.00
# Visual Studio Version 17
VisualStudioVersion = 17.14.36511.14 d17.14
MinimumVisualStudioVersion = 10.0.40219.1
Project("{FAE04EC0-301F-11D3-BF4B-00C04F79EFBC}") = "PublisherAPI", "PublisherAPI\PublisherAPI.csproj", "{6A71CC95-E83C-404A-83A4-149CC1CDEB71}"
EndProject
Project("{FAE04EC0-301F-11D3-BF4B-00C04F79EFBC}") = "SubscriberWorker", "SubscriberWorker\SubscriberWorker.csproj", "{A0F7F239-F3CC-47EA-87B7-D96D6A4A3F07}"
EndProject
Global
	GlobalSection(SolutionConfigurationPlatforms) = preSolution
		Debug|Any CPU = Debug|Any CPU
		Release|Any CPU = Release|Any CPU
	EndGlobalSection
	GlobalSection(ProjectConfigurationPlatforms) = postSolution
		{6A71CC95-E83C-404A-83A4-149CC1CDEB71}.Debug|Any CPU.ActiveCfg = Debug|Any CPU
		{6A71CC95-E83C-404A-83A4-149CC1CDEB71}.Debug|Any CPU.Build.0 = Debug|Any CPU
		{6A71CC95-E83C-404A-83A4-149CC1CDEB71}.Release|Any CPU.ActiveCfg = Release|Any CPU
		{6A71CC95-E83C-404A-83A4-149CC1CDEB71}.Release|Any CPU.Build.0 = Release|Any CPU
		{A0F7F239-F3CC-47EA-87B7-D96D6A4A3F07}.Debug|Any CPU.ActiveCfg = Debug|Any CPU
		{A0F7F239-F3CC-47EA-87B7-D96D6A4A3F07}.Debug|Any CPU.Build.0 = Debug|Any CPU
		{A0F7F239-F3CC-47EA-87B7-D96D6A4A3F07}.Release|Any CPU.ActiveCfg = Release|Any CPU
		{A0F7F239-F3CC-47EA-87B7-D96D6A4A3F07}.Release|Any CPU.Build.0 = Release|Any CPU
	EndGlobalSection
	GlobalSection(SolutionProperties) = preSolution
		HideSolutionNode = FALSE
	EndGlobalSection
	GlobalSection(ExtensibilityGlobals) = postSolution
		SolutionGuid = {468A1EDC-5D02-4B6A-9377-4938ADB19A38}
	EndGlobalSection
EndGlobal
